PODS:
  - AFNetworking (4.0.1):
    - AFNetworking/NSURLSession (= 4.0.1)
    - AFNetworking/Reachability (= 4.0.1)
    - AFNetworking/Security (= 4.0.1)
    - AFNetworking/Serialization (= 4.0.1)
    - AFNetworking/UIKit (= 4.0.1)
  - AFNetworking/NSURLSession (4.0.1):
    - AFNetworking/Reachability
    - AFNetworking/Security
    - AFNetworking/Serialization
  - AFNetworking/Reachability (4.0.1)
  - AFNetworking/Security (4.0.1)
  - AFNetworking/Serialization (4.0.1)
  - AFNetworking/UIKit (4.0.1):
    - AFNetworking/NSURLSession
  - JQNetwork (1.0.1):
    - AFNetworking
    - JQNetwork/Request (= 1.0.1)
    - JQNetwork/Response (= 1.0.1)
  - JQNetwork/Request (1.0.1):
    - AFNetworking
    - JQNetwork/Response
  - JQNetwork/Response (1.0.1):
    - AFNetworking

DEPENDENCIES:
  - JQNetwork (from `../`)

SPEC REPOS:
  trunk:
    - AFNetworking

EXTERNAL SOURCES:
  JQNetwork:
    :path: "../"

SPEC CHECKSUMS:
  AFNetworking: 7864c38297c79aaca1500c33288e429c3451fdce
  JQNetwork: 8f9d0727c151f68522b5c20b20049bd6f8150cca

PODFILE CHECKSUM: 3d6875e64390d69cb3daa35a9f9d0b24bbbac5e7

COCOAPODS: 1.11.2
