PODS:
  - AFNetworking (4.0.1):
    - AFNetworking/NSURLSession (= 4.0.1)
    - AFNetworking/Reachability (= 4.0.1)
    - AFNetworking/Security (= 4.0.1)
    - AFNetworking/Serialization (= 4.0.1)
    - AFNetworking/UIKit (= 4.0.1)
  - AFNetworking/NSURLSession (4.0.1):
    - AFNetworking/Reachability
    - AFNetworking/Security
    - AFNetworking/Serialization
  - AFNetworking/Reachability (4.0.1)
  - AFNetworking/Security (4.0.1)
  - AFNetworking/Serialization (4.0.1)
  - AFNetworking/UIKit (4.0.1):
    - AFNetworking/NSURLSession
  - JQNetwork (0.1.0):
    - AFNetworking
    - JQNetwork/Request (= 0.1.0)
    - JQNetwork/Response (= 0.1.0)
  - JQNetwork/Request (0.1.0):
    - AFNetworking
    - JQNetwork/Response
  - JQNetwork/Response (0.1.0):
    - AFNetworking

DEPENDENCIES:
  - JQNetwork (from `../`)

SPEC REPOS:
  trunk:
    - AFNetworking

EXTERNAL SOURCES:
  JQNetwork:
    :path: "../"

SPEC CHECKSUMS:
  AFNetworking: 7864c38297c79aaca1500c33288e429c3451fdce
  JQNetwork: df8c6b54d1e5259cd2b18b5ad33f57e9681e542e

PODFILE CHECKSUM: 3d6875e64390d69cb3daa35a9f9d0b24bbbac5e7

COCOAPODS: 1.11.2
